PODS:
  - Alamofire (4.7.3)
  - AlamofireImage (3.3.1):
    - Alamofire (~> 4.5)
  - Localize-Swift (2.0.0)

DEPENDENCIES:
  - Alamofire
  - AlamofireImage
  - Localize-Swift

SPEC REPOS:
  https://github.com/cocoapods/specs.git:
    - Alamofire
    - AlamofireImage
    - Localize-Swift

SPEC CHECKSUMS:
  Alamofire: c7287b6e5d7da964a70935e5db17046b7fde6568
  AlamofireImage: 3b35b586853abaf94ca1250f4e94cff3c21a4c0d
  Localize-Swift: c798ec9286494866f7068f85f7c71283ac5bdab4

PODFILE CHECKSUM: c23a0e4afd3d3462bc9aec7baedba6deda84e1c7

COCOAPODS: 1.5.3
