PODS:
  - Alamofire (4.7.3)
  - AlamofireImage (3.3.1):
    - Alamofire (~> 4.5)
  - KTCenterFlowLayout (1.3.1)
  - Localize-Swift (2.0.0)

DEPENDENCIES:
  - Alamofire
  - AlamofireImage
  - KTCenterFlowLayout
  - Localize-Swift

SPEC REPOS:
  https://github.com/cocoapods/specs.git:
    - Alamofire
    - AlamofireImage
    - KTCenterFlowLayout
    - Localize-Swift

SPEC CHECKSUMS:
  Alamofire: c7287b6e5d7da964a70935e5db17046b7fde6568
  AlamofireImage: 3b35b586853abaf94ca1250f4e94cff3c21a4c0d
  KTCenterFlowLayout: 6e02b50ab2bd865025ae82fe266ed13b6d9eaf97
  Localize-Swift: c798ec9286494866f7068f85f7c71283ac5bdab4

PODFILE CHECKSUM: 0278071aa0dcc3b38fd4d28a463831d156080c87

COCOAPODS: 1.5.3
